{
  "name": "aegis-sdk-smoke-js",
  "lockfileVersion": 3,
  "requires": true,
  "packages": {
    "": {
      "name": "aegis-sdk-smoke-js",
      "dependencies": {
        "@aegis-ai/sdk": "file:../../../../../../../private/tmp/aegis-work/aegis-sdk/javascript"
      }
    },
    "../../../../../../../private/tmp/aegis-js-smoke/repo/javascript": {
      "name": "@aegis-ai/sdk",
      "version": "0.1.0",
      "extraneous": true,
      "license": "MIT",
      "devDependencies": {
        "@types/node": "^20.0.0",
        "tsup": "^8.0.0",
        "typescript": "^5.3.0",
        "vitest": "^1.0.0"
      },
      "engines": {
        "node": ">=18.0.0"
      }
    },
    "../../../../../../../private/tmp/aegis-work/aegis-sdk/javascript": {
      "name": "@aegis-ai/sdk",
      "version": "0.1.0",
      "license": "MIT",
      "dependencies": {
        "@aegis-ai/sdk": "file:"
      },
      "devDependencies": {
        "@types/node": "^20.0.0",
        "tsup": "^8.0.0",
        "typescript": "^5.3.0",
        "vitest": "^1.0.0"
      },
      "engines": {
        "node": ">=18.0.0"
      }
    },
    "node_modules/@aegis-ai/sdk": {
      "resolved": "../../../../../../../private/tmp/aegis-work/aegis-sdk/javascript",
      "link": true
    }
  }
}
